// !$*UTF8*$!
{
	archiveVersion = 1;
	classes = {
	};
	objectVersion = 48;
	objects = {

/* Begin PBXBuildFile section */
		00032C001F46A313007AFAFE /* ChannelCell.swift in Sources */ = {isa = PBXBuildFile; fileRef = 00032BFF1F46A313007AFAFE /* ChannelCell.swift */; };
		00032C031F478C4E007AFAFE /* AddChannelVC.swift in Sources */ = {isa = PBXBuildFile; fileRef = 00032C011F478C4E007AFAFE /* AddChannelVC.swift */; };
		00032C041F478C4E007AFAFE /* AddChannelVC.xib in Resources */ = {isa = PBXBuildFile; fileRef = 00032C021F478C4E007AFAFE /* AddChannelVC.xib */; };
		001753471F40E71200729E70 /* PlaceholderColor.swift in Sources */ = {isa = PBXBuildFile; fileRef = 001753461F40E71200729E70 /* PlaceholderColor.swift */; };
		001784D31F30B9DA0087E7ED /* ChatVC.swift in Sources */ = {isa = PBXBuildFile; fileRef = 001784D21F30B9DA0087E7ED /* ChatVC.swift */; };
		001784D51F30B9F40087E7ED /* ChannelVC.swift in Sources */ = {isa = PBXBuildFile; fileRef = 001784D41F30B9F40087E7ED /* ChannelVC.swift */; };
		001784D71F30C8700087E7ED /* GradientView.swift in Sources */ = {isa = PBXBuildFile; fileRef = 001784D61F30C8700087E7ED /* GradientView.swift */; };
		001784DA1F3115B40087E7ED /* Constants.swift in Sources */ = {isa = PBXBuildFile; fileRef = 001784D91F3115B40087E7ED /* Constants.swift */; };
		001B6B601F30142A0021F5F8 /* AppDelegate.swift in Sources */ = {isa = PBXBuildFile; fileRef = 001B6B5F1F30142A0021F5F8 /* AppDelegate.swift */; };
		001B6B651F30142A0021F5F8 /* Main.storyboard in Resources */ = {isa = PBXBuildFile; fileRef = 001B6B631F30142A0021F5F8 /* Main.storyboard */; };
		001B6B671F30142A0021F5F8 /* Assets.xcassets in Resources */ = {isa = PBXBuildFile; fileRef = 001B6B661F30142A0021F5F8 /* Assets.xcassets */; };
		001B6B6A1F30142A0021F5F8 /* LaunchScreen.storyboard in Resources */ = {isa = PBXBuildFile; fileRef = 001B6B681F30142A0021F5F8 /* LaunchScreen.storyboard */; };
		001B6B751F30142A0021F5F8 /* SmackTests.swift in Sources */ = {isa = PBXBuildFile; fileRef = 001B6B741F30142A0021F5F8 /* SmackTests.swift */; };
		001B6B861F3031D60021F5F8 /* SWRevealViewController.m in Sources */ = {isa = PBXBuildFile; fileRef = 001B6B851F3031D60021F5F8 /* SWRevealViewController.m */; };
		002287B51F38A8AE004BDBAB /* RoundedButton.swift in Sources */ = {isa = PBXBuildFile; fileRef = 002287B41F38A8AE004BDBAB /* RoundedButton.swift */; };
		003FD72A1F439D960036BE0B /* ProfileVC.swift in Sources */ = {isa = PBXBuildFile; fileRef = 003FD7281F439D960036BE0B /* ProfileVC.swift */; };
		003FD72B1F439D960036BE0B /* ProfileVC.xib in Resources */ = {isa = PBXBuildFile; fileRef = 003FD7291F439D960036BE0B /* ProfileVC.xib */; };
		0053F44D1F3B77A1004AB11F /* UserDataService.swift in Sources */ = {isa = PBXBuildFile; fileRef = 0053F44C1F3B77A1004AB11F /* UserDataService.swift */; };
		0053F4511F3BAB61004AB11F /* AvatarPickerVC.swift in Sources */ = {isa = PBXBuildFile; fileRef = 0053F4501F3BAB61004AB11F /* AvatarPickerVC.swift */; };
		0053F4531F3BE3B8004AB11F /* AvatarCell.swift in Sources */ = {isa = PBXBuildFile; fileRef = 0053F4521F3BE3B8004AB11F /* AvatarCell.swift */; };
		0068B44A1F312C8000283D90 /* LoginVC.swift in Sources */ = {isa = PBXBuildFile; fileRef = 0068B4491F312C8000283D90 /* LoginVC.swift */; };
		00A469F01F3E740D0001ACF2 /* CircleImageBtn.swift in Sources */ = {isa = PBXBuildFile; fileRef = 00A469EF1F3E740D0001ACF2 /* CircleImageBtn.swift */; };
		00A469F21F3E79B90001ACF2 /* CircleUIImage.swift in Sources */ = {isa = PBXBuildFile; fileRef = 00A469F11F3E79B90001ACF2 /* CircleUIImage.swift */; };
		00A4F8471F4640C9008EEBBA /* MessageService.swift in Sources */ = {isa = PBXBuildFile; fileRef = 00A4F8461F4640C9008EEBBA /* MessageService.swift */; };
		00A4F8491F46412D008EEBBA /* Channel.swift in Sources */ = {isa = PBXBuildFile; fileRef = 00A4F8481F46412D008EEBBA /* Channel.swift */; };
		00D3B5781F31351700F622E3 /* AccountVC.swift in Sources */ = {isa = PBXBuildFile; fileRef = 00D3B5771F31351700F622E3 /* AccountVC.swift */; };
		00D889F31F3143F20055C5B6 /* DismissKeyboardOnTap.swift in Sources */ = {isa = PBXBuildFile; fileRef = 00D889F21F3143F20055C5B6 /* DismissKeyboardOnTap.swift */; };
		00D889F61F3247460055C5B6 /* AuthService.swift in Sources */ = {isa = PBXBuildFile; fileRef = 00D889F51F3247460055C5B6 /* AuthService.swift */; };
		9911A8B9780D6EF3AC9E79E4 /* Pods_Smack.framework in Frameworks */ = {isa = PBXBuildFile; fileRef = DF969B1F6B093FE2405F0DD6 /* Pods_Smack.framework */; };
		E9C3D5672719D86DA325579D /* Pods_SmackTests.framework in Frameworks */ = {isa = PBXBuildFile; fileRef = 6925639F85AF0E2C1050169F /* Pods_SmackTests.framework */; };
/* End PBXBuildFile section */

/* Begin PBXContainerItemProxy section */
		001B6B711F30142A0021F5F8 /* PBXContainerItemProxy */ = {
			isa = PBXContainerItemProxy;
			containerPortal = 001B6B541F30142A0021F5F8 /* Project object */;
			proxyType = 1;
			remoteGlobalIDString = 001B6B5B1F30142A0021F5F8;
			remoteInfo = Smack;
		};
/* End PBXContainerItemProxy section */

/* Begin PBXFileReference section */
		00032BFF1F46A313007AFAFE /* ChannelCell.swift */ = {isa = PBXFileReference; lastKnownFileType = sourcecode.swift; path = ChannelCell.swift; sourceTree = "<group>"; };
		00032C011F478C4E007AFAFE /* AddChannelVC.swift */ = {isa = PBXFileReference; lastKnownFileType = sourcecode.swift; path = AddChannelVC.swift; sourceTree = "<group>"; };
		00032C021F478C4E007AFAFE /* AddChannelVC.xib */ = {isa = PBXFileReference; lastKnownFileType = file.xib; path = AddChannelVC.xib; sourceTree = "<group>"; };
		001753461F40E71200729E70 /* PlaceholderColor.swift */ = {isa = PBXFileReference; lastKnownFileType = sourcecode.swift; path = PlaceholderColor.swift; sourceTree = "<group>"; };
		001784D21F30B9DA0087E7ED /* ChatVC.swift */ = {isa = PBXFileReference; lastKnownFileType = sourcecode.swift; path = ChatVC.swift; sourceTree = "<group>"; };
		001784D41F30B9F40087E7ED /* ChannelVC.swift */ = {isa = PBXFileReference; lastKnownFileType = sourcecode.swift; path = ChannelVC.swift; sourceTree = "<group>"; };
		001784D61F30C8700087E7ED /* GradientView.swift */ = {isa = PBXFileReference; lastKnownFileType = sourcecode.swift; path = GradientView.swift; sourceTree = "<group>"; };
		001784D91F3115B40087E7ED /* Constants.swift */ = {isa = PBXFileReference; lastKnownFileType = sourcecode.swift; path = Constants.swift; sourceTree = "<group>"; };
		001B6B5C1F30142A0021F5F8 /* Smack.app */ = {isa = PBXFileReference; explicitFileType = wrapper.application; includeInIndex = 0; path = Smack.app; sourceTree = BUILT_PRODUCTS_DIR; };
		001B6B5F1F30142A0021F5F8 /* AppDelegate.swift */ = {isa = PBXFileReference; lastKnownFileType = sourcecode.swift; path = AppDelegate.swift; sourceTree = "<group>"; };
		001B6B641F30142A0021F5F8 /* Base */ = {isa = PBXFileReference; lastKnownFileType = file.storyboard; name = Base; path = Base.lproj/Main.storyboard; sourceTree = "<group>"; };
		001B6B661F30142A0021F5F8 /* Assets.xcassets */ = {isa = PBXFileReference; lastKnownFileType = folder.assetcatalog; path = Assets.xcassets; sourceTree = "<group>"; };
		001B6B691F30142A0021F5F8 /* Base */ = {isa = PBXFileReference; lastKnownFileType = file.storyboard; name = Base; path = Base.lproj/LaunchScreen.storyboard; sourceTree = "<group>"; };
		001B6B6B1F30142A0021F5F8 /* Info.plist */ = {isa = PBXFileReference; lastKnownFileType = text.plist.xml; path = Info.plist; sourceTree = "<group>"; };
		001B6B701F30142A0021F5F8 /* SmackTests.xctest */ = {isa = PBXFileReference; explicitFileType = wrapper.cfbundle; includeInIndex = 0; path = SmackTests.xctest; sourceTree = BUILT_PRODUCTS_DIR; };
		001B6B741F30142A0021F5F8 /* SmackTests.swift */ = {isa = PBXFileReference; lastKnownFileType = sourcecode.swift; path = SmackTests.swift; sourceTree = "<group>"; };
		001B6B761F30142A0021F5F8 /* Info.plist */ = {isa = PBXFileReference; lastKnownFileType = text.plist.xml; path = Info.plist; sourceTree = "<group>"; };
		001B6B831F3031D50021F5F8 /* Smack-Bridging-Header.h */ = {isa = PBXFileReference; lastKnownFileType = sourcecode.c.h; path = "Smack-Bridging-Header.h"; sourceTree = "<group>"; };
		001B6B841F3031D50021F5F8 /* SWRevealViewController.h */ = {isa = PBXFileReference; fileEncoding = 4; lastKnownFileType = sourcecode.c.h; name = SWRevealViewController.h; path = "../../../../../Downloads/Smack Assets/SWReveal/SWRevealViewController.h"; sourceTree = "<group>"; };
		001B6B851F3031D60021F5F8 /* SWRevealViewController.m */ = {isa = PBXFileReference; fileEncoding = 4; lastKnownFileType = sourcecode.c.objc; name = SWRevealViewController.m; path = "../../../../../Downloads/Smack Assets/SWReveal/SWRevealViewController.m"; sourceTree = "<group>"; };
		002287B41F38A8AE004BDBAB /* RoundedButton.swift */ = {isa = PBXFileReference; lastKnownFileType = sourcecode.swift; path = RoundedButton.swift; sourceTree = "<group>"; };
		003FD7281F439D960036BE0B /* ProfileVC.swift */ = {isa = PBXFileReference; lastKnownFileType = sourcecode.swift; path = ProfileVC.swift; sourceTree = "<group>"; };
		003FD7291F439D960036BE0B /* ProfileVC.xib */ = {isa = PBXFileReference; lastKnownFileType = file.xib; path = ProfileVC.xib; sourceTree = "<group>"; };
		0053F44C1F3B77A1004AB11F /* UserDataService.swift */ = {isa = PBXFileReference; lastKnownFileType = sourcecode.swift; path = UserDataService.swift; sourceTree = "<group>"; };
		0053F4501F3BAB61004AB11F /* AvatarPickerVC.swift */ = {isa = PBXFileReference; lastKnownFileType = sourcecode.swift; path = AvatarPickerVC.swift; sourceTree = "<group>"; };
		0053F4521F3BE3B8004AB11F /* AvatarCell.swift */ = {isa = PBXFileReference; lastKnownFileType = sourcecode.swift; path = AvatarCell.swift; sourceTree = "<group>"; };
		0068B4491F312C8000283D90 /* LoginVC.swift */ = {isa = PBXFileReference; lastKnownFileType = sourcecode.swift; path = LoginVC.swift; sourceTree = "<group>"; };
		00A469EF1F3E740D0001ACF2 /* CircleImageBtn.swift */ = {isa = PBXFileReference; lastKnownFileType = sourcecode.swift; path = CircleImageBtn.swift; sourceTree = "<group>"; };
		00A469F11F3E79B90001ACF2 /* CircleUIImage.swift */ = {isa = PBXFileReference; lastKnownFileType = sourcecode.swift; path = CircleUIImage.swift; sourceTree = "<group>"; };
		00A4F8461F4640C9008EEBBA /* MessageService.swift */ = {isa = PBXFileReference; lastKnownFileType = sourcecode.swift; path = MessageService.swift; sourceTree = "<group>"; };
		00A4F8481F46412D008EEBBA /* Channel.swift */ = {isa = PBXFileReference; lastKnownFileType = sourcecode.swift; path = Channel.swift; sourceTree = "<group>"; };
		00D3B5771F31351700F622E3 /* AccountVC.swift */ = {isa = PBXFileReference; lastKnownFileType = sourcecode.swift; path = AccountVC.swift; sourceTree = "<group>"; };
		00D889F21F3143F20055C5B6 /* DismissKeyboardOnTap.swift */ = {isa = PBXFileReference; lastKnownFileType = sourcecode.swift; path = DismissKeyboardOnTap.swift; sourceTree = "<group>"; };
		00D889F51F3247460055C5B6 /* AuthService.swift */ = {isa = PBXFileReference; lastKnownFileType = sourcecode.swift; path = AuthService.swift; sourceTree = "<group>"; };
		6925639F85AF0E2C1050169F /* Pods_SmackTests.framework */ = {isa = PBXFileReference; explicitFileType = wrapper.framework; includeInIndex = 0; path = Pods_SmackTests.framework; sourceTree = BUILT_PRODUCTS_DIR; };
		7CAFA713760C3F7C5778A84A /* Pods-Smack.release.xcconfig */ = {isa = PBXFileReference; includeInIndex = 1; lastKnownFileType = text.xcconfig; name = "Pods-Smack.release.xcconfig"; path = "Pods/Target Support Files/Pods-Smack/Pods-Smack.release.xcconfig"; sourceTree = "<group>"; };
		A9DCAA9D1026FDFE8AFBBD6A /* Pods-SmackTests.release.xcconfig */ = {isa = PBXFileReference; includeInIndex = 1; lastKnownFileType = text.xcconfig; name = "Pods-SmackTests.release.xcconfig"; path = "Pods/Target Support Files/Pods-SmackTests/Pods-SmackTests.release.xcconfig"; sourceTree = "<group>"; };
		DECC16AA164112492ECA8EF4 /* Pods-Smack.debug.xcconfig */ = {isa = PBXFileReference; includeInIndex = 1; lastKnownFileType = text.xcconfig; name = "Pods-Smack.debug.xcconfig"; path = "Pods/Target Support Files/Pods-Smack/Pods-Smack.debug.xcconfig"; sourceTree = "<group>"; };
		DF969B1F6B093FE2405F0DD6 /* Pods_Smack.framework */ = {isa = PBXFileReference; explicitFileType = wrapper.framework; includeInIndex = 0; path = Pods_Smack.framework; sourceTree = BUILT_PRODUCTS_DIR; };
		FCD29729C56030B00D1D688E /* Pods-SmackTests.debug.xcconfig */ = {isa = PBXFileReference; includeInIndex = 1; lastKnownFileType = text.xcconfig; name = "Pods-SmackTests.debug.xcconfig"; path = "Pods/Target Support Files/Pods-SmackTests/Pods-SmackTests.debug.xcconfig"; sourceTree = "<group>"; };
/* End PBXFileReference section */

/* Begin PBXFrameworksBuildPhase section */
		001B6B591F30142A0021F5F8 /* Frameworks */ = {
			isa = PBXFrameworksBuildPhase;
			buildActionMask = 2147483647;
			files = (
				9911A8B9780D6EF3AC9E79E4 /* Pods_Smack.framework in Frameworks */,
			);
			runOnlyForDeploymentPostprocessing = 0;
		};
		001B6B6D1F30142A0021F5F8 /* Frameworks */ = {
			isa = PBXFrameworksBuildPhase;
			buildActionMask = 2147483647;
			files = (
				E9C3D5672719D86DA325579D /* Pods_SmackTests.framework in Frameworks */,
			);
			runOnlyForDeploymentPostprocessing = 0;
		};
/* End PBXFrameworksBuildPhase section */

/* Begin PBXGroup section */
		001784D81F31159C0087E7ED /* Utilities */ = {
			isa = PBXGroup;
			children = (
				001784D91F3115B40087E7ED /* Constants.swift */,
			);
			path = Utilities;
			sourceTree = "<group>";
		};
		001B6B531F30142A0021F5F8 = {
			isa = PBXGroup;
			children = (
				001B6B5E1F30142A0021F5F8 /* Smack */,
				001B6B731F30142A0021F5F8 /* SmackTests */,
				001B6B5D1F30142A0021F5F8 /* Products */,
				4A5A621581BB999E1621F585 /* Pods */,
				F6BDE07A9A6C1220A8118457 /* Frameworks */,
			);
			sourceTree = "<group>";
		};
		001B6B5D1F30142A0021F5F8 /* Products */ = {
			isa = PBXGroup;
			children = (
				001B6B5C1F30142A0021F5F8 /* Smack.app */,
				001B6B701F30142A0021F5F8 /* SmackTests.xctest */,
			);
			name = Products;
			sourceTree = "<group>";
		};
		001B6B5E1F30142A0021F5F8 /* Smack */ = {
			isa = PBXGroup;
			children = (
				003FD72C1F439DEC0036BE0B /* Xibs */,
				00D889F41F3247350055C5B6 /* Services */,
				001784D81F31159C0087E7ED /* Utilities */,
				001B6B821F3031A00021F5F8 /* Controller */,
				001B6B811F30319A0021F5F8 /* View */,
				001B6B801F30318D0021F5F8 /* Model */,
				001B6B7F1F30317C0021F5F8 /* Supporting Files */,
				001B6B5F1F30142A0021F5F8 /* AppDelegate.swift */,
				001B6B631F30142A0021F5F8 /* Main.storyboard */,
				001B6B661F30142A0021F5F8 /* Assets.xcassets */,
				001B6B681F30142A0021F5F8 /* LaunchScreen.storyboard */,
				001B6B6B1F30142A0021F5F8 /* Info.plist */,
			);
			path = Smack;
			sourceTree = "<group>";
		};
		001B6B731F30142A0021F5F8 /* SmackTests */ = {
			isa = PBXGroup;
			children = (
				001B6B741F30142A0021F5F8 /* SmackTests.swift */,
				001B6B761F30142A0021F5F8 /* Info.plist */,
			);
			path = SmackTests;
			sourceTree = "<group>";
		};
		001B6B7F1F30317C0021F5F8 /* Supporting Files */ = {
			isa = PBXGroup;
			children = (
				001B6B841F3031D50021F5F8 /* SWRevealViewController.h */,
				001B6B851F3031D60021F5F8 /* SWRevealViewController.m */,
				001B6B831F3031D50021F5F8 /* Smack-Bridging-Header.h */,
			);
			path = "Supporting Files";
			sourceTree = "<group>";
		};
		001B6B801F30318D0021F5F8 /* Model */ = {
			isa = PBXGroup;
			children = (
				00D889F21F3143F20055C5B6 /* DismissKeyboardOnTap.swift */,
				00A4F8481F46412D008EEBBA /* Channel.swift */,
			);
			path = Model;
			sourceTree = "<group>";
		};
		001B6B811F30319A0021F5F8 /* View */ = {
			isa = PBXGroup;
			children = (
				001784D61F30C8700087E7ED /* GradientView.swift */,
				002287B41F38A8AE004BDBAB /* RoundedButton.swift */,
				0053F4521F3BE3B8004AB11F /* AvatarCell.swift */,
				00A469EF1F3E740D0001ACF2 /* CircleImageBtn.swift */,
				00A469F11F3E79B90001ACF2 /* CircleUIImage.swift */,
				001753461F40E71200729E70 /* PlaceholderColor.swift */,
				00032BFF1F46A313007AFAFE /* ChannelCell.swift */,
			);
			path = View;
			sourceTree = "<group>";
		};
		001B6B821F3031A00021F5F8 /* Controller */ = {
			isa = PBXGroup;
			children = (
				001784D21F30B9DA0087E7ED /* ChatVC.swift */,
				001784D41F30B9F40087E7ED /* ChannelVC.swift */,
				0068B4491F312C8000283D90 /* LoginVC.swift */,
				00D3B5771F31351700F622E3 /* AccountVC.swift */,
				0053F4501F3BAB61004AB11F /* AvatarPickerVC.swift */,
				003FD7281F439D960036BE0B /* ProfileVC.swift */,
				00032C011F478C4E007AFAFE /* AddChannelVC.swift */,
			);
			path = Controller;
			sourceTree = "<group>";
		};
		003FD72C1F439DEC0036BE0B /* Xibs */ = {
			isa = PBXGroup;
			children = (
				00032C021F478C4E007AFAFE /* AddChannelVC.xib */,
				003FD7291F439D960036BE0B /* ProfileVC.xib */,
			);
			path = Xibs;
			sourceTree = "<group>";
		};
		00D889F41F3247350055C5B6 /* Services */ = {
			isa = PBXGroup;
			children = (
				00D889F51F3247460055C5B6 /* AuthService.swift */,
				0053F44C1F3B77A1004AB11F /* UserDataService.swift */,
				00A4F8461F4640C9008EEBBA /* MessageService.swift */,
			);
			path = Services;
			sourceTree = "<group>";
		};
		4A5A621581BB999E1621F585 /* Pods */ = {
			isa = PBXGroup;
			children = (
				DECC16AA164112492ECA8EF4 /* Pods-Smack.debug.xcconfig */,
				7CAFA713760C3F7C5778A84A /* Pods-Smack.release.xcconfig */,
				FCD29729C56030B00D1D688E /* Pods-SmackTests.debug.xcconfig */,
				A9DCAA9D1026FDFE8AFBBD6A /* Pods-SmackTests.release.xcconfig */,
			);
			name = Pods;
			sourceTree = "<group>";
		};
		F6BDE07A9A6C1220A8118457 /* Frameworks */ = {
			isa = PBXGroup;
			children = (
				DF969B1F6B093FE2405F0DD6 /* Pods_Smack.framework */,
				6925639F85AF0E2C1050169F /* Pods_SmackTests.framework */,
			);
			name = Frameworks;
			sourceTree = "<group>";
		};
/* End PBXGroup section */

/* Begin PBXNativeTarget section */
		001B6B5B1F30142A0021F5F8 /* Smack */ = {
			isa = PBXNativeTarget;
			buildConfigurationList = 001B6B791F30142A0021F5F8 /* Build configuration list for PBXNativeTarget "Smack" */;
			buildPhases = (
				18C08B9CD79535BEA4712769 /* [CP] Check Pods Manifest.lock */,
				001B6B581F30142A0021F5F8 /* Sources */,
				001B6B591F30142A0021F5F8 /* Frameworks */,
				001B6B5A1F30142A0021F5F8 /* Resources */,
				7F5D887671CEF949AA9EF028 /* [CP] Embed Pods Frameworks */,
				9B886E83475C43BBDFB85DB1 /* [CP] Copy Pods Resources */,
			);
			buildRules = (
			);
			dependencies = (
			);
			name = Smack;
			productName = Smack;
			productReference = 001B6B5C1F30142A0021F5F8 /* Smack.app */;
			productType = "com.apple.product-type.application";
		};
		001B6B6F1F30142A0021F5F8 /* SmackTests */ = {
			isa = PBXNativeTarget;
			buildConfigurationList = 001B6B7C1F30142A0021F5F8 /* Build configuration list for PBXNativeTarget "SmackTests" */;
			buildPhases = (
				5D15D4271F85ECFB6B6BB565 /* [CP] Check Pods Manifest.lock */,
				001B6B6C1F30142A0021F5F8 /* Sources */,
				001B6B6D1F30142A0021F5F8 /* Frameworks */,
				001B6B6E1F30142A0021F5F8 /* Resources */,
				129007B66E77E066A2FE5574 /* [CP] Embed Pods Frameworks */,
				6D1DA3A5D12B7F94E44D0D28 /* [CP] Copy Pods Resources */,
			);
			buildRules = (
			);
			dependencies = (
				001B6B721F30142A0021F5F8 /* PBXTargetDependency */,
			);
			name = SmackTests;
			productName = SmackTests;
			productReference = 001B6B701F30142A0021F5F8 /* SmackTests.xctest */;
			productType = "com.apple.product-type.bundle.unit-test";
		};
/* End PBXNativeTarget section */

/* Begin PBXProject section */
		001B6B541F30142A0021F5F8 /* Project object */ = {
			isa = PBXProject;
			attributes = {
				LastSwiftUpdateCheck = 0900;
				LastUpgradeCheck = 0900;
				ORGANIZATIONNAME = "Arthur Pujols";
				TargetAttributes = {
					001B6B5B1F30142A0021F5F8 = {
						CreatedOnToolsVersion = 9.0;
						LastSwiftMigration = 0900;
					};
					001B6B6F1F30142A0021F5F8 = {
						CreatedOnToolsVersion = 9.0;
						TestTargetID = 001B6B5B1F30142A0021F5F8;
					};
				};
			};
			buildConfigurationList = 001B6B571F30142A0021F5F8 /* Build configuration list for PBXProject "Smack" */;
			compatibilityVersion = "Xcode 8.0";
			developmentRegion = en;
			hasScannedForEncodings = 0;
			knownRegions = (
				en,
				Base,
			);
			mainGroup = 001B6B531F30142A0021F5F8;
			productRefGroup = 001B6B5D1F30142A0021F5F8 /* Products */;
			projectDirPath = "";
			projectRoot = "";
			targets = (
				001B6B5B1F30142A0021F5F8 /* Smack */,
				001B6B6F1F30142A0021F5F8 /* SmackTests */,
			);
		};
/* End PBXProject section */

/* Begin PBXResourcesBuildPhase section */
		001B6B5A1F30142A0021F5F8 /* Resources */ = {
			isa = PBXResourcesBuildPhase;
			buildActionMask = 2147483647;
			files = (
				00032C041F478C4E007AFAFE /* AddChannelVC.xib in Resources */,
				001B6B6A1F30142A0021F5F8 /* LaunchScreen.storyboard in Resources */,
				003FD72B1F439D960036BE0B /* ProfileVC.xib in Resources */,
				001B6B671F30142A0021F5F8 /* Assets.xcassets in Resources */,
				001B6B651F30142A0021F5F8 /* Main.storyboard in Resources */,
			);
			runOnlyForDeploymentPostprocessing = 0;
		};
		001B6B6E1F30142A0021F5F8 /* Resources */ = {
			isa = PBXResourcesBuildPhase;
			buildActionMask = 2147483647;
			files = (
			);
			runOnlyForDeploymentPostprocessing = 0;
		};
/* End PBXResourcesBuildPhase section */

/* Begin PBXShellScriptBuildPhase section */
		129007B66E77E066A2FE5574 /* [CP] Embed Pods Frameworks */ = {
			isa = PBXShellScriptBuildPhase;
			buildActionMask = 2147483647;
			files = (
			);
			inputPaths = (
			);
			name = "[CP] Embed Pods Frameworks";
			outputPaths = (
			);
			runOnlyForDeploymentPostprocessing = 0;
			shellPath = /bin/sh;
			shellScript = "\"${SRCROOT}/Pods/Target Support Files/Pods-SmackTests/Pods-SmackTests-frameworks.sh\"\n";
			showEnvVarsInLog = 0;
		};
		18C08B9CD79535BEA4712769 /* [CP] Check Pods Manifest.lock */ = {
			isa = PBXShellScriptBuildPhase;
			buildActionMask = 2147483647;
			files = (
			);
			inputPaths = (
			);
			name = "[CP] Check Pods Manifest.lock";
			outputPaths = (
			);
			runOnlyForDeploymentPostprocessing = 0;
			shellPath = /bin/sh;
			shellScript = "diff \"${PODS_ROOT}/../Podfile.lock\" \"${PODS_ROOT}/Manifest.lock\" > /dev/null\nif [ $? != 0 ] ; then\n    # print error to STDERR\n    echo \"error: The sandbox is not in sync with the Podfile.lock. Run 'pod install' or update your CocoaPods installation.\" >&2\n    exit 1\nfi\n";
			showEnvVarsInLog = 0;
		};
		5D15D4271F85ECFB6B6BB565 /* [CP] Check Pods Manifest.lock */ = {
			isa = PBXShellScriptBuildPhase;
			buildActionMask = 2147483647;
			files = (
			);
			inputPaths = (
			);
			name = "[CP] Check Pods Manifest.lock";
			outputPaths = (
			);
			runOnlyForDeploymentPostprocessing = 0;
			shellPath = /bin/sh;
			shellScript = "diff \"${PODS_ROOT}/../Podfile.lock\" \"${PODS_ROOT}/Manifest.lock\" > /dev/null\nif [ $? != 0 ] ; then\n    # print error to STDERR\n    echo \"error: The sandbox is not in sync with the Podfile.lock. Run 'pod install' or update your CocoaPods installation.\" >&2\n    exit 1\nfi\n";
			showEnvVarsInLog = 0;
		};
		6D1DA3A5D12B7F94E44D0D28 /* [CP] Copy Pods Resources */ = {
			isa = PBXShellScriptBuildPhase;
			buildActionMask = 2147483647;
			files = (
			);
			inputPaths = (
			);
			name = "[CP] Copy Pods Resources";
			outputPaths = (
			);
			runOnlyForDeploymentPostprocessing = 0;
			shellPath = /bin/sh;
			shellScript = "\"${SRCROOT}/Pods/Target Support Files/Pods-SmackTests/Pods-SmackTests-resources.sh\"\n";
			showEnvVarsInLog = 0;
		};
		7F5D887671CEF949AA9EF028 /* [CP] Embed Pods Frameworks */ = {
			isa = PBXShellScriptBuildPhase;
			buildActionMask = 2147483647;
			files = (
			);
			inputPaths = (
			);
			name = "[CP] Embed Pods Frameworks";
			outputPaths = (
			);
			runOnlyForDeploymentPostprocessing = 0;
			shellPath = /bin/sh;
			shellScript = "\"${SRCROOT}/Pods/Target Support Files/Pods-Smack/Pods-Smack-frameworks.sh\"\n";
			showEnvVarsInLog = 0;
		};
		9B886E83475C43BBDFB85DB1 /* [CP] Copy Pods Resources */ = {
			isa = PBXShellScriptBuildPhase;
			buildActionMask = 2147483647;
			files = (
			);
			inputPaths = (
			);
			name = "[CP] Copy Pods Resources";
			outputPaths = (
			);
			runOnlyForDeploymentPostprocessing = 0;
			shellPath = /bin/sh;
			shellScript = "\"${SRCROOT}/Pods/Target Support Files/Pods-Smack/Pods-Smack-resources.sh\"\n";
			showEnvVarsInLog = 0;
		};
/* End PBXShellScriptBuildPhase section */

/* Begin PBXSourcesBuildPhase section */
		001B6B581F30142A0021F5F8 /* Sources */ = {
			isa = PBXSourcesBuildPhase;
			buildActionMask = 2147483647;
			files = (
				00D3B5781F31351700F622E3 /* AccountVC.swift in Sources */,
				00A4F8491F46412D008EEBBA /* Channel.swift in Sources */,
				00A469F21F3E79B90001ACF2 /* CircleUIImage.swift in Sources */,
				00A4F8471F4640C9008EEBBA /* MessageService.swift in Sources */,
				00032C001F46A313007AFAFE /* ChannelCell.swift in Sources */,
				00D889F31F3143F20055C5B6 /* DismissKeyboardOnTap.swift in Sources */,
				00032C031F478C4E007AFAFE /* AddChannelVC.swift in Sources */,
				0053F4531F3BE3B8004AB11F /* AvatarCell.swift in Sources */,
				001784D51F30B9F40087E7ED /* ChannelVC.swift in Sources */,
				003FD72A1F439D960036BE0B /* ProfileVC.swift in Sources */,
				001784D31F30B9DA0087E7ED /* ChatVC.swift in Sources */,
				0068B44A1F312C8000283D90 /* LoginVC.swift in Sources */,
				001784D71F30C8700087E7ED /* GradientView.swift in Sources */,
				0053F44D1F3B77A1004AB11F /* UserDataService.swift in Sources */,
				002287B51F38A8AE004BDBAB /* RoundedButton.swift in Sources */,
				001753471F40E71200729E70 /* PlaceholderColor.swift in Sources */,
				001B6B601F30142A0021F5F8 /* AppDelegate.swift in Sources */,
				00D889F61F3247460055C5B6 /* AuthService.swift in Sources */,
				001B6B861F3031D60021F5F8 /* SWRevealViewController.m in Sources */,
				001784DA1F3115B40087E7ED /* Constants.swift in Sources */,
				0053F4511F3BAB61004AB11F /* AvatarPickerVC.swift in Sources */,
				00A469F01F3E740D0001ACF2 /* CircleImageBtn.swift in Sources */,
			);
			runOnlyForDeploymentPostprocessing = 0;
		};
		001B6B6C1F30142A0021F5F8 /* Sources */ = {
			isa = PBXSourcesBuildPhase;
			buildActionMask = 2147483647;
			files = (
				001B6B751F30142A0021F5F8 /* SmackTests.swift in Sources */,
			);
			runOnlyForDeploymentPostprocessing = 0;
		};
/* End PBXSourcesBuildPhase section */

/* Begin PBXTargetDependency section */
		001B6B721F30142A0021F5F8 /* PBXTargetDependency */ = {
			isa = PBXTargetDependency;
			target = 001B6B5B1F30142A0021F5F8 /* Smack */;
			targetProxy = 001B6B711F30142A0021F5F8 /* PBXContainerItemProxy */;
		};
/* End PBXTargetDependency section */

/* Begin PBXVariantGroup section */
		001B6B631F30142A0021F5F8 /* Main.storyboard */ = {
			isa = PBXVariantGroup;
			children = (
				001B6B641F30142A0021F5F8 /* Base */,
			);
			name = Main.storyboard;
			sourceTree = "<group>";
		};
		001B6B681F30142A0021F5F8 /* LaunchScreen.storyboard */ = {
			isa = PBXVariantGroup;
			children = (
				001B6B691F30142A0021F5F8 /* Base */,
			);
			name = LaunchScreen.storyboard;
			sourceTree = "<group>";
		};
/* End PBXVariantGroup section */

/* Begin XCBuildConfiguration section */
		001B6B771F30142A0021F5F8 /* Debug */ = {
			isa = XCBuildConfiguration;
			buildSettings = {
				ALWAYS_SEARCH_USER_PATHS = NO;
				CLANG_ANALYZER_NONNULL = YES;
				CLANG_ANALYZER_NUMBER_OBJECT_CONVERSION = YES_AGGRESSIVE;
				CLANG_CXX_LANGUAGE_STANDARD = "gnu++14";
				CLANG_CXX_LIBRARY = "libc++";
				CLANG_ENABLE_MODULES = YES;
				CLANG_ENABLE_OBJC_ARC = YES;
				CLANG_WARN_BLOCK_CAPTURE_AUTORELEASING = YES;
				CLANG_WARN_BOOL_CONVERSION = YES;
				CLANG_WARN_COMMA = YES;
				CLANG_WARN_CONSTANT_CONVERSION = YES;
				CLANG_WARN_DIRECT_OBJC_ISA_USAGE = YES_ERROR;
				CLANG_WARN_DOCUMENTATION_COMMENTS = YES;
				CLANG_WARN_EMPTY_BODY = YES;
				CLANG_WARN_ENUM_CONVERSION = YES;
				CLANG_WARN_INFINITE_RECURSION = YES;
				CLANG_WARN_INT_CONVERSION = YES;
				CLANG_WARN_NON_LITERAL_NULL_CONVERSION = YES;
				CLANG_WARN_OBJC_LITERAL_CONVERSION = YES;
				CLANG_WARN_OBJC_ROOT_CLASS = YES_ERROR;
				CLANG_WARN_RANGE_LOOP_ANALYSIS = YES;
				CLANG_WARN_STRICT_PROTOTYPES = YES;
				CLANG_WARN_SUSPICIOUS_MOVE = YES;
				CLANG_WARN_UNGUARDED_AVAILABILITY = YES_AGGRESSIVE;
				CLANG_WARN_UNREACHABLE_CODE = YES;
				CLANG_WARN__DUPLICATE_METHOD_MATCH = YES;
				CODE_SIGN_IDENTITY = "iPhone Developer";
				COPY_PHASE_STRIP = NO;
				DEBUG_INFORMATION_FORMAT = dwarf;
				ENABLE_STRICT_OBJC_MSGSEND = YES;
				ENABLE_TESTABILITY = YES;
				GCC_C_LANGUAGE_STANDARD = gnu11;
				GCC_DYNAMIC_NO_PIC = NO;
				GCC_NO_COMMON_BLOCKS = YES;
				GCC_OPTIMIZATION_LEVEL = 0;
				GCC_PREPROCESSOR_DEFINITIONS = (
					"DEBUG=1",
					"$(inherited)",
				);
				GCC_WARN_64_TO_32_BIT_CONVERSION = YES;
				GCC_WARN_ABOUT_RETURN_TYPE = YES_ERROR;
				GCC_WARN_UNDECLARED_SELECTOR = YES;
				GCC_WARN_UNINITIALIZED_AUTOS = YES_AGGRESSIVE;
				GCC_WARN_UNUSED_FUNCTION = YES;
				GCC_WARN_UNUSED_VARIABLE = YES;
				IPHONEOS_DEPLOYMENT_TARGET = 11.0;
				MTL_ENABLE_DEBUG_INFO = YES;
				ONLY_ACTIVE_ARCH = YES;
				SDKROOT = iphoneos;
				SWIFT_ACTIVE_COMPILATION_CONDITIONS = DEBUG;
				SWIFT_OPTIMIZATION_LEVEL = "-Onone";
			};
			name = Debug;
		};
		001B6B781F30142A0021F5F8 /* Release */ = {
			isa = XCBuildConfiguration;
			buildSettings = {
				ALWAYS_SEARCH_USER_PATHS = NO;
				CLANG_ANALYZER_NONNULL = YES;
				CLANG_ANALYZER_NUMBER_OBJECT_CONVERSION = YES_AGGRESSIVE;
				CLANG_CXX_LANGUAGE_STANDARD = "gnu++14";
				CLANG_CXX_LIBRARY = "libc++";
				CLANG_ENABLE_MODULES = YES;
				CLANG_ENABLE_OBJC_ARC = YES;
				CLANG_WARN_BLOCK_CAPTURE_AUTORELEASING = YES;
				CLANG_WARN_BOOL_CONVERSION = YES;
				CLANG_WARN_COMMA = YES;
				CLANG_WARN_CONSTANT_CONVERSION = YES;
				CLANG_WARN_DIRECT_OBJC_ISA_USAGE = YES_ERROR;
				CLANG_WARN_DOCUMENTATION_COMMENTS = YES;
				CLANG_WARN_EMPTY_BODY = YES;
				CLANG_WARN_ENUM_CONVERSION = YES;
				CLANG_WARN_INFINITE_RECURSION = YES;
				CLANG_WARN_INT_CONVERSION = YES;
				CLANG_WARN_NON_LITERAL_NULL_CONVERSION = YES;
				CLANG_WARN_OBJC_LITERAL_CONVERSION = YES;
				CLANG_WARN_OBJC_ROOT_CLASS = YES_ERROR;
				CLANG_WARN_RANGE_LOOP_ANALYSIS = YES;
				CLANG_WARN_STRICT_PROTOTYPES = YES;
				CLANG_WARN_SUSPICIOUS_MOVE = YES;
				CLANG_WARN_UNGUARDED_AVAILABILITY = YES_AGGRESSIVE;
				CLANG_WARN_UNREACHABLE_CODE = YES;
				CLANG_WARN__DUPLICATE_METHOD_MATCH = YES;
				CODE_SIGN_IDENTITY = "iPhone Developer";
				COPY_PHASE_STRIP = NO;
				DEBUG_INFORMATION_FORMAT = "dwarf-with-dsym";
				ENABLE_NS_ASSERTIONS = NO;
				ENABLE_STRICT_OBJC_MSGSEND = YES;
				GCC_C_LANGUAGE_STANDARD = gnu11;
				GCC_NO_COMMON_BLOCKS = YES;
				GCC_WARN_64_TO_32_BIT_CONVERSION = YES;
				GCC_WARN_ABOUT_RETURN_TYPE = YES_ERROR;
				GCC_WARN_UNDECLARED_SELECTOR = YES;
				GCC_WARN_UNINITIALIZED_AUTOS = YES_AGGRESSIVE;
				GCC_WARN_UNUSED_FUNCTION = YES;
				GCC_WARN_UNUSED_VARIABLE = YES;
				IPHONEOS_DEPLOYMENT_TARGET = 11.0;
				MTL_ENABLE_DEBUG_INFO = NO;
				SDKROOT = iphoneos;
				SWIFT_OPTIMIZATION_LEVEL = "-Owholemodule";
				VALIDATE_PRODUCT = YES;
			};
			name = Release;
		};
		001B6B7A1F30142A0021F5F8 /* Debug */ = {
			isa = XCBuildConfiguration;
			baseConfigurationReference = DECC16AA164112492ECA8EF4 /* Pods-Smack.debug.xcconfig */;
			buildSettings = {
				ASSETCATALOG_COMPILER_APPICON_NAME = AppIcon;
				CLANG_ENABLE_MODULES = YES;
				INFOPLIST_FILE = Smack/Info.plist;
				LD_RUNPATH_SEARCH_PATHS = "$(inherited) @executable_path/Frameworks";
				PRODUCT_BUNDLE_IDENTIFIER = JacallDev.Smack;
				PRODUCT_NAME = "$(TARGET_NAME)";
				SWIFT_OBJC_BRIDGING_HEADER = "Smack/Supporting Files/Smack-Bridging-Header.h";
				SWIFT_OPTIMIZATION_LEVEL = "-Onone";
				SWIFT_VERSION = 4.0;
				TARGETED_DEVICE_FAMILY = "1,2";
			};
			name = Debug;
		};
		001B6B7B1F30142A0021F5F8 /* Release */ = {
			isa = XCBuildConfiguration;
			baseConfigurationReference = 7CAFA713760C3F7C5778A84A /* Pods-Smack.release.xcconfig */;
			buildSettings = {
				ASSETCATALOG_COMPILER_APPICON_NAME = AppIcon;
				CLANG_ENABLE_MODULES = YES;
				INFOPLIST_FILE = Smack/Info.plist;
				LD_RUNPATH_SEARCH_PATHS = "$(inherited) @executable_path/Frameworks";
				PRODUCT_BUNDLE_IDENTIFIER = JacallDev.Smack;
				PRODUCT_NAME = "$(TARGET_NAME)";
				SWIFT_OBJC_BRIDGING_HEADER = "Smack/Supporting Files/Smack-Bridging-Header.h";
				SWIFT_VERSION = 4.0;
				TARGETED_DEVICE_FAMILY = "1,2";
			};
			name = Release;
		};
		001B6B7D1F30142A0021F5F8 /* Debug */ = {
			isa = XCBuildConfiguration;
			baseConfigurationReference = FCD29729C56030B00D1D688E /* Pods-SmackTests.debug.xcconfig */;
			buildSettings = {
				ALWAYS_EMBED_SWIFT_STANDARD_LIBRARIES = YES;
				BUNDLE_LOADER = "$(TEST_HOST)";
				INFOPLIST_FILE = SmackTests/Info.plist;
				LD_RUNPATH_SEARCH_PATHS = "$(inherited) @executable_path/Frameworks @loader_path/Frameworks";
				PRODUCT_BUNDLE_IDENTIFIER = JacallDev.SmackTests;
				PRODUCT_NAME = "$(TARGET_NAME)";
				SWIFT_VERSION = 4.0;
				TARGETED_DEVICE_FAMILY = "1,2";
				TEST_HOST = "$(BUILT_PRODUCTS_DIR)/Smack.app/Smack";
			};
			name = Debug;
		};
		001B6B7E1F30142A0021F5F8 /* Release */ = {
			isa = XCBuildConfiguration;
			baseConfigurationReference = A9DCAA9D1026FDFE8AFBBD6A /* Pods-SmackTests.release.xcconfig */;
			buildSettings = {
				ALWAYS_EMBED_SWIFT_STANDARD_LIBRARIES = YES;
				BUNDLE_LOADER = "$(TEST_HOST)";
				INFOPLIST_FILE = SmackTests/Info.plist;
				LD_RUNPATH_SEARCH_PATHS = "$(inherited) @executable_path/Frameworks @loader_path/Frameworks";
				PRODUCT_BUNDLE_IDENTIFIER = JacallDev.SmackTests;
				PRODUCT_NAME = "$(TARGET_NAME)";
				SWIFT_VERSION = 4.0;
				TARGETED_DEVICE_FAMILY = "1,2";
				TEST_HOST = "$(BUILT_PRODUCTS_DIR)/Smack.app/Smack";
			};
			name = Release;
		};
/* End XCBuildConfiguration section */

/* Begin XCConfigurationList section */
		001B6B571F30142A0021F5F8 /* Build configuration list for PBXProject "Smack" */ = {
			isa = XCConfigurationList;
			buildConfigurations = (
				001B6B771F30142A0021F5F8 /* Debug */,
				001B6B781F30142A0021F5F8 /* Release */,
			);
			defaultConfigurationIsVisible = 0;
			defaultConfigurationName = Release;
		};
		001B6B791F30142A0021F5F8 /* Build configuration list for PBXNativeTarget "Smack" */ = {
			isa = XCConfigurationList;
			buildConfigurations = (
				001B6B7A1F30142A0021F5F8 /* Debug */,
				001B6B7B1F30142A0021F5F8 /* Release */,
			);
			defaultConfigurationIsVisible = 0;
			defaultConfigurationName = Release;
		};
		001B6B7C1F30142A0021F5F8 /* Build configuration list for PBXNativeTarget "SmackTests" */ = {
			isa = XCConfigurationList;
			buildConfigurations = (
				001B6B7D1F30142A0021F5F8 /* Debug */,
				001B6B7E1F30142A0021F5F8 /* Release */,
			);
			defaultConfigurationIsVisible = 0;
			defaultConfigurationName = Release;
		};
/* End XCConfigurationList section */
	};
	rootObject = 001B6B541F30142A0021F5F8 /* Project object */;
}
